<?xml version="1.0" encoding="utf-8"?>
<Project ToolsVersion="4.0" xmlns="http://schemas.microsoft.com/developer/msbuild/2003">
  <ItemGroup>
    <Filter Include="Arquivos de Origem">
      <UniqueIdentifier>{4FC737F1-C7A5-4376-A066-2A32D752A2FF}</UniqueIdentifier>
      <Extensions>cpp;c;cc;cxx;c++;cppm;ixx;def;odl;idl;hpj;bat;asm;asmx</Extensions>
    </Filter>
    <Filter Include="Arquivos de Cabeçalho">
      <UniqueIdentifier>{93995380-89BD-4b04-88EB-625FBE52EBFB}</UniqueIdentifier>
      <Extensions>h;hh;hpp;hxx;h++;hm;inl;inc;ipp;xsd</Extensions>
    </Filter>
    <Filter Include="Arquivos de Recurso">
      <UniqueIdentifier>{67DA6AB6-F800-4c08-8B7A-83BB121AAD01}</UniqueIdentifier>
      <Extensions>rc;ico;cur;bmp;dlg;rc2;rct;bin;rgs;gif;jpg;jpeg;jpe;resx;tiff;tif;png;wav;mfcribbon-ms</Extensions>
    </Filter>
    <Filter Include="Menu">
      <UniqueIdentifier>{e1d4b686-e792-450a-ac83-b1e80a94a1fb}</UniqueIdentifier>
    </Filter>
    <Filter Include="Menu\Jogar">
      <UniqueIdentifier>{88a1a72f-47cc-4a4e-a72d-ba4ad53e0cbc}</UniqueIdentifier>
    </Filter>
    <Filter Include="Menu\Instruções">
      <UniqueIdentifier>{8406e3ac-5497-404f-8f1a-6886760e6a07}</UniqueIdentifier>
    </Filter>
    <Filter Include="Menu\Reset">
      <UniqueIdentifier>{2a2eb87d-12b3-4d2a-bba9-25337ffc9516}</UniqueIdentifier>
    </Filter>
    <Filter Include="Menu\Histórico">
      <UniqueIdentifier>{762077dd-5c41-4ffd-b80a-a69103a9ca20}</UniqueIdentifier>
    </Filter>
  </ItemGroup>
  <ItemGroup>
    <ClCompile Include="main.cpp">
      <Filter>Arquivos de Origem</Filter>
    </ClCompile>
    <ClCompile Include="_TicTacToe.cpp">
      <Filter>Menu\Jogar</Filter>
    </ClCompile>
    <ClCompile Include="GameMenu.cpp">
      <Filter>Menu</Filter>
    </ClCompile>
  </ItemGroup>
  <ItemGroup>
    <ClInclude Include="Utils.h">
      <Filter>Arquivos de Recurso</Filter>
    </ClInclude>
    <ClInclude Include="_TicTacToe.h">
      <Filter>Menu\Jogar</Filter>
    </ClInclude>
    <ClInclude Include="GameMenu.h">
      <Filter>Menu</Filter>
    </ClInclude>
  </ItemGroup>
</Project>